# Prisma Migrate lockfile v1

20200907201729-init
20200908090828-add-content
20200909120332-add-callback
20200909121518-make-callback-optional
20200909122209-add-custom-callback
20200909125503-add-admin
20200919055142-add-spam-filter
20200919112735-add-tahnk-you
20200921120258-add-blacklist
20200921132357-add-blacklist-user-entity
20201004101246-rename_denylist